// !$*UTF8*$!
{
	archiveVersion = 1;
	classes = {
	};
	objectVersion = 55;
	objects = {

/* Begin PBXBuildFile section */
		7B4807BBA491B678AFBA094B /* Pods_mirrorrim_rswift_demoTests.framework in Frameworks */ = {isa = PBXBuildFile; fileRef = C2B3608DF5F72CD66FD54455 /* Pods_mirrorrim_rswift_demoTests.framework */; };
		8B423CF920E21EB0B5E2C6BF /* Pods_mirrorrim_rswift_demo.framework in Frameworks */ = {isa = PBXBuildFile; fileRef = D72A32AF9A16A6058EC4E8F4 /* Pods_mirrorrim_rswift_demo.framework */; };
		B229830227DE03BF00A9C1B5 /* AppDelegate.swift in Sources */ = {isa = PBXBuildFile; fileRef = B229830127DE03BF00A9C1B5 /* AppDelegate.swift */; };
		B229830427DE03BF00A9C1B5 /* SceneDelegate.swift in Sources */ = {isa = PBXBuildFile; fileRef = B229830327DE03BF00A9C1B5 /* SceneDelegate.swift */; };
		B229830627DE03BF00A9C1B5 /* ViewController.swift in Sources */ = {isa = PBXBuildFile; fileRef = B229830527DE03BF00A9C1B5 /* ViewController.swift */; };
		B229830927DE03BF00A9C1B5 /* Main.storyboard in Resources */ = {isa = PBXBuildFile; fileRef = B229830727DE03BF00A9C1B5 /* Main.storyboard */; };
		B229830B27DE03BF00A9C1B5 /* Assets.xcassets in Resources */ = {isa = PBXBuildFile; fileRef = B229830A27DE03BF00A9C1B5 /* Assets.xcassets */; };
		B229830E27DE03BF00A9C1B5 /* LaunchScreen.storyboard in Resources */ = {isa = PBXBuildFile; fileRef = B229830C27DE03BF00A9C1B5 /* LaunchScreen.storyboard */; };
		B229831927DE03BF00A9C1B5 /* mirrorrim_rswift_demoTests.swift in Sources */ = {isa = PBXBuildFile; fileRef = B229831827DE03BF00A9C1B5 /* mirrorrim_rswift_demoTests.swift */; };
		B229832327DE03C000A9C1B5 /* mirrorrim_rswift_demoUITests.swift in Sources */ = {isa = PBXBuildFile; fileRef = B229832227DE03C000A9C1B5 /* mirrorrim_rswift_demoUITests.swift */; };
		B229832527DE03C000A9C1B5 /* mirrorrim_rswift_demoUITestsLaunchTests.swift in Sources */ = {isa = PBXBuildFile; fileRef = B229832427DE03C000A9C1B5 /* mirrorrim_rswift_demoUITestsLaunchTests.swift */; };
		B22FEE3927DE05BE00EB471E /* Localizable.strings in Resources */ = {isa = PBXBuildFile; fileRef = B22FEE3B27DE05BE00EB471E /* Localizable.strings */; };
		B22FEE3F27DE071D00EB471E /* R.generated.swift in Sources */ = {isa = PBXBuildFile; fileRef = B22FEE3E27DE071D00EB471E /* R.generated.swift */; };
		F2E259D6354FE851A63DA730 /* Pods_mirrorrim_rswift_demo_mirrorrim_rswift_demoUITests.framework in Frameworks */ = {isa = PBXBuildFile; fileRef = 30C8F7DD73B2FE1BF7411149 /* Pods_mirrorrim_rswift_demo_mirrorrim_rswift_demoUITests.framework */; };
/* End PBXBuildFile section */

/* Begin PBXContainerItemProxy section */
		B229831527DE03BF00A9C1B5 /* PBXContainerItemProxy */ = {
			isa = PBXContainerItemProxy;
			containerPortal = B22982F627DE03BF00A9C1B5 /* Project object */;
			proxyType = 1;
			remoteGlobalIDString = B22982FD27DE03BF00A9C1B5;
			remoteInfo = mirrorrim_rswift_demo;
		};
		B229831F27DE03BF00A9C1B5 /* PBXContainerItemProxy */ = {
			isa = PBXContainerItemProxy;
			containerPortal = B22982F627DE03BF00A9C1B5 /* Project object */;
			proxyType = 1;
			remoteGlobalIDString = B22982FD27DE03BF00A9C1B5;
			remoteInfo = mirrorrim_rswift_demo;
		};
/* End PBXContainerItemProxy section */

/* Begin PBXFileReference section */
		182776652F8307F0D30B5AE1 /* Pods-mirrorrim_rswift_demoTests.release.xcconfig */ = {isa = PBXFileReference; includeInIndex = 1; lastKnownFileType = text.xcconfig; name = "Pods-mirrorrim_rswift_demoTests.release.xcconfig"; path = "Target Support Files/Pods-mirrorrim_rswift_demoTests/Pods-mirrorrim_rswift_demoTests.release.xcconfig"; sourceTree = "<group>"; };
		18BB962A2DF724E7CA850B9A /* Pods-mirrorrim_rswift_demo-mirrorrim_rswift_demoUITests.release.xcconfig */ = {isa = PBXFileReference; includeInIndex = 1; lastKnownFileType = text.xcconfig; name = "Pods-mirrorrim_rswift_demo-mirrorrim_rswift_demoUITests.release.xcconfig"; path = "Target Support Files/Pods-mirrorrim_rswift_demo-mirrorrim_rswift_demoUITests/Pods-mirrorrim_rswift_demo-mirrorrim_rswift_demoUITests.release.xcconfig"; sourceTree = "<group>"; };
		30C8F7DD73B2FE1BF7411149 /* Pods_mirrorrim_rswift_demo_mirrorrim_rswift_demoUITests.framework */ = {isa = PBXFileReference; explicitFileType = wrapper.framework; includeInIndex = 0; path = Pods_mirrorrim_rswift_demo_mirrorrim_rswift_demoUITests.framework; sourceTree = BUILT_PRODUCTS_DIR; };
		638182730CF2E733BF48BEF4 /* Pods-mirrorrim_rswift_demoTests.debug.xcconfig */ = {isa = PBXFileReference; includeInIndex = 1; lastKnownFileType = text.xcconfig; name = "Pods-mirrorrim_rswift_demoTests.debug.xcconfig"; path = "Target Support Files/Pods-mirrorrim_rswift_demoTests/Pods-mirrorrim_rswift_demoTests.debug.xcconfig"; sourceTree = "<group>"; };
		74C85857F1EA20AD7C3F49F1 /* Pods-mirrorrim_rswift_demo.release.xcconfig */ = {isa = PBXFileReference; includeInIndex = 1; lastKnownFileType = text.xcconfig; name = "Pods-mirrorrim_rswift_demo.release.xcconfig"; path = "Target Support Files/Pods-mirrorrim_rswift_demo/Pods-mirrorrim_rswift_demo.release.xcconfig"; sourceTree = "<group>"; };
		99DC78EE194BD5EBE70837D8 /* Pods-mirrorrim_rswift_demo-mirrorrim_rswift_demoUITests.debug.xcconfig */ = {isa = PBXFileReference; includeInIndex = 1; lastKnownFileType = text.xcconfig; name = "Pods-mirrorrim_rswift_demo-mirrorrim_rswift_demoUITests.debug.xcconfig"; path = "Target Support Files/Pods-mirrorrim_rswift_demo-mirrorrim_rswift_demoUITests/Pods-mirrorrim_rswift_demo-mirrorrim_rswift_demoUITests.debug.xcconfig"; sourceTree = "<group>"; };
		B22982FE27DE03BF00A9C1B5 /* mirrorrim_rswift_demo.app */ = {isa = PBXFileReference; explicitFileType = wrapper.application; includeInIndex = 0; path = mirrorrim_rswift_demo.app; sourceTree = BUILT_PRODUCTS_DIR; };
		B229830127DE03BF00A9C1B5 /* AppDelegate.swift */ = {isa = PBXFileReference; lastKnownFileType = sourcecode.swift; path = AppDelegate.swift; sourceTree = "<group>"; };
		B229830327DE03BF00A9C1B5 /* SceneDelegate.swift */ = {isa = PBXFileReference; lastKnownFileType = sourcecode.swift; path = SceneDelegate.swift; sourceTree = "<group>"; };
		B229830527DE03BF00A9C1B5 /* ViewController.swift */ = {isa = PBXFileReference; lastKnownFileType = sourcecode.swift; path = ViewController.swift; sourceTree = "<group>"; };
		B229830827DE03BF00A9C1B5 /* Base */ = {isa = PBXFileReference; lastKnownFileType = file.storyboard; name = Base; path = Base.lproj/Main.storyboard; sourceTree = "<group>"; };
		B229830A27DE03BF00A9C1B5 /* Assets.xcassets */ = {isa = PBXFileReference; lastKnownFileType = folder.assetcatalog; path = Assets.xcassets; sourceTree = "<group>"; };
		B229830D27DE03BF00A9C1B5 /* Base */ = {isa = PBXFileReference; lastKnownFileType = file.storyboard; name = Base; path = Base.lproj/LaunchScreen.storyboard; sourceTree = "<group>"; };
		B229830F27DE03BF00A9C1B5 /* Info.plist */ = {isa = PBXFileReference; lastKnownFileType = text.plist.xml; path = Info.plist; sourceTree = "<group>"; };
		B229831427DE03BF00A9C1B5 /* mirrorrim_rswift_demoTests.xctest */ = {isa = PBXFileReference; explicitFileType = wrapper.cfbundle; includeInIndex = 0; path = mirrorrim_rswift_demoTests.xctest; sourceTree = BUILT_PRODUCTS_DIR; };
		B229831827DE03BF00A9C1B5 /* mirrorrim_rswift_demoTests.swift */ = {isa = PBXFileReference; lastKnownFileType = sourcecode.swift; path = mirrorrim_rswift_demoTests.swift; sourceTree = "<group>"; };
		B229831E27DE03BF00A9C1B5 /* mirrorrim_rswift_demoUITests.xctest */ = {isa = PBXFileReference; explicitFileType = wrapper.cfbundle; includeInIndex = 0; path = mirrorrim_rswift_demoUITests.xctest; sourceTree = BUILT_PRODUCTS_DIR; };
		B229832227DE03C000A9C1B5 /* mirrorrim_rswift_demoUITests.swift */ = {isa = PBXFileReference; lastKnownFileType = sourcecode.swift; path = mirrorrim_rswift_demoUITests.swift; sourceTree = "<group>"; };
		B229832427DE03C000A9C1B5 /* mirrorrim_rswift_demoUITestsLaunchTests.swift */ = {isa = PBXFileReference; lastKnownFileType = sourcecode.swift; path = mirrorrim_rswift_demoUITestsLaunchTests.swift; sourceTree = "<group>"; };
		B22FEE3A27DE05BE00EB471E /* en */ = {isa = PBXFileReference; lastKnownFileType = text.plist.strings; name = en; path = en.lproj/Localizable.strings; sourceTree = "<group>"; };
		B22FEE3C27DE05CE00EB471E /* zh-Hans */ = {isa = PBXFileReference; lastKnownFileType = text.plist.strings; name = "zh-Hans"; path = "zh-Hans.lproj/Localizable.strings"; sourceTree = "<group>"; };
		B22FEE3E27DE071D00EB471E /* R.generated.swift */ = {isa = PBXFileReference; fileEncoding = 4; lastKnownFileType = sourcecode.swift; path = R.generated.swift; sourceTree = "<group>"; };
		C2B3608DF5F72CD66FD54455 /* Pods_mirrorrim_rswift_demoTests.framework */ = {isa = PBXFileReference; explicitFileType = wrapper.framework; includeInIndex = 0; path = Pods_mirrorrim_rswift_demoTests.framework; sourceTree = BUILT_PRODUCTS_DIR; };
		D72A32AF9A16A6058EC4E8F4 /* Pods_mirrorrim_rswift_demo.framework */ = {isa = PBXFileReference; explicitFileType = wrapper.framework; includeInIndex = 0; path = Pods_mirrorrim_rswift_demo.framework; sourceTree = BUILT_PRODUCTS_DIR; };
		E756E076CFAB20A02B2D5011 /* Pods-mirrorrim_rswift_demo.debug.xcconfig */ = {isa = PBXFileReference; includeInIndex = 1; lastKnownFileType = text.xcconfig; name = "Pods-mirrorrim_rswift_demo.debug.xcconfig"; path = "Target Support Files/Pods-mirrorrim_rswift_demo/Pods-mirrorrim_rswift_demo.debug.xcconfig"; sourceTree = "<group>"; };
/* End PBXFileReference section */

/* Begin PBXFrameworksBuildPhase section */
		B22982FB27DE03BF00A9C1B5 /* Frameworks */ = {
			isa = PBXFrameworksBuildPhase;
			buildActionMask = 2147483647;
			files = (
				8B423CF920E21EB0B5E2C6BF /* Pods_mirrorrim_rswift_demo.framework in Frameworks */,
			);
			runOnlyForDeploymentPostprocessing = 0;
		};
		B229831127DE03BF00A9C1B5 /* Frameworks */ = {
			isa = PBXFrameworksBuildPhase;
			buildActionMask = 2147483647;
			files = (
				7B4807BBA491B678AFBA094B /* Pods_mirrorrim_rswift_demoTests.framework in Frameworks */,
			);
			runOnlyForDeploymentPostprocessing = 0;
		};
		B229831B27DE03BF00A9C1B5 /* Frameworks */ = {
			isa = PBXFrameworksBuildPhase;
			buildActionMask = 2147483647;
			files = (
				F2E259D6354FE851A63DA730 /* Pods_mirrorrim_rswift_demo_mirrorrim_rswift_demoUITests.framework in Frameworks */,
			);
			runOnlyForDeploymentPostprocessing = 0;
		};
/* End PBXFrameworksBuildPhase section */

/* Begin PBXGroup section */
		51D9303EE5D6357F28F7F229 /* Pods */ = {
			isa = PBXGroup;
			children = (
				E756E076CFAB20A02B2D5011 /* Pods-mirrorrim_rswift_demo.debug.xcconfig */,
				74C85857F1EA20AD7C3F49F1 /* Pods-mirrorrim_rswift_demo.release.xcconfig */,
				99DC78EE194BD5EBE70837D8 /* Pods-mirrorrim_rswift_demo-mirrorrim_rswift_demoUITests.debug.xcconfig */,
				18BB962A2DF724E7CA850B9A /* Pods-mirrorrim_rswift_demo-mirrorrim_rswift_demoUITests.release.xcconfig */,
				638182730CF2E733BF48BEF4 /* Pods-mirrorrim_rswift_demoTests.debug.xcconfig */,
				182776652F8307F0D30B5AE1 /* Pods-mirrorrim_rswift_demoTests.release.xcconfig */,
			);
			path = Pods;
			sourceTree = "<group>";
		};
		B22982F527DE03BF00A9C1B5 = {
			isa = PBXGroup;
			children = (
				B22FEE3E27DE071D00EB471E /* R.generated.swift */,
				B229830027DE03BF00A9C1B5 /* mirrorrim_rswift_demo */,
				B229831727DE03BF00A9C1B5 /* mirrorrim_rswift_demoTests */,
				B229832127DE03C000A9C1B5 /* mirrorrim_rswift_demoUITests */,
				B22982FF27DE03BF00A9C1B5 /* Products */,
				51D9303EE5D6357F28F7F229 /* Pods */,
				D7D4CD59161CE06DEB6CB8F8 /* Frameworks */,
			);
			sourceTree = "<group>";
		};
		B22982FF27DE03BF00A9C1B5 /* Products */ = {
			isa = PBXGroup;
			children = (
				B22982FE27DE03BF00A9C1B5 /* mirrorrim_rswift_demo.app */,
				B229831427DE03BF00A9C1B5 /* mirrorrim_rswift_demoTests.xctest */,
				B229831E27DE03BF00A9C1B5 /* mirrorrim_rswift_demoUITests.xctest */,
			);
			name = Products;
			sourceTree = "<group>";
		};
		B229830027DE03BF00A9C1B5 /* mirrorrim_rswift_demo */ = {
			isa = PBXGroup;
			children = (
				B229830127DE03BF00A9C1B5 /* AppDelegate.swift */,
				B229830327DE03BF00A9C1B5 /* SceneDelegate.swift */,
				B22FEE3B27DE05BE00EB471E /* Localizable.strings */,
				B229830527DE03BF00A9C1B5 /* ViewController.swift */,
				B229830727DE03BF00A9C1B5 /* Main.storyboard */,
				B229830A27DE03BF00A9C1B5 /* Assets.xcassets */,
				B229830C27DE03BF00A9C1B5 /* LaunchScreen.storyboard */,
				B229830F27DE03BF00A9C1B5 /* Info.plist */,
			);
			path = mirrorrim_rswift_demo;
			sourceTree = "<group>";
		};
		B229831727DE03BF00A9C1B5 /* mirrorrim_rswift_demoTests */ = {
			isa = PBXGroup;
			children = (
				B229831827DE03BF00A9C1B5 /* mirrorrim_rswift_demoTests.swift */,
			);
			path = mirrorrim_rswift_demoTests;
			sourceTree = "<group>";
		};
		B229832127DE03C000A9C1B5 /* mirrorrim_rswift_demoUITests */ = {
			isa = PBXGroup;
			children = (
				B229832227DE03C000A9C1B5 /* mirrorrim_rswift_demoUITests.swift */,
				B229832427DE03C000A9C1B5 /* mirrorrim_rswift_demoUITestsLaunchTests.swift */,
			);
			path = mirrorrim_rswift_demoUITests;
			sourceTree = "<group>";
		};
		D7D4CD59161CE06DEB6CB8F8 /* Frameworks */ = {
			isa = PBXGroup;
			children = (
				D72A32AF9A16A6058EC4E8F4 /* Pods_mirrorrim_rswift_demo.framework */,
				30C8F7DD73B2FE1BF7411149 /* Pods_mirrorrim_rswift_demo_mirrorrim_rswift_demoUITests.framework */,
				C2B3608DF5F72CD66FD54455 /* Pods_mirrorrim_rswift_demoTests.framework */,
			);
			name = Frameworks;
			sourceTree = "<group>";
		};
/* End PBXGroup section */

/* Begin PBXNativeTarget section */
		B22982FD27DE03BF00A9C1B5 /* mirrorrim_rswift_demo */ = {
			isa = PBXNativeTarget;
			buildConfigurationList = B229832827DE03C000A9C1B5 /* Build configuration list for PBXNativeTarget "mirrorrim_rswift_demo" */;
			buildPhases = (
				4BDD5F3C0672B487133DC75F /* [CP] Check Pods Manifest.lock */,
				B22FEE3D27DE05E700EB471E /* R.swift */,
				B22982FA27DE03BF00A9C1B5 /* Sources */,
				B22982FB27DE03BF00A9C1B5 /* Frameworks */,
				B22982FC27DE03BF00A9C1B5 /* Resources */,
				FA6412285455C446E097670D /* [CP] Embed Pods Frameworks */,
			);
			buildRules = (
			);
			dependencies = (
			);
			name = mirrorrim_rswift_demo;
			productName = mirrorrim_rswift_demo;
			productReference = B22982FE27DE03BF00A9C1B5 /* mirrorrim_rswift_demo.app */;
			productType = "com.apple.product-type.application";
		};
		B229831327DE03BF00A9C1B5 /* mirrorrim_rswift_demoTests */ = {
			isa = PBXNativeTarget;
			buildConfigurationList = B229832B27DE03C000A9C1B5 /* Build configuration list for PBXNativeTarget "mirrorrim_rswift_demoTests" */;
			buildPhases = (
				41A97890842041A23C39D419 /* [CP] Check Pods Manifest.lock */,
				B229831027DE03BF00A9C1B5 /* Sources */,
				B229831127DE03BF00A9C1B5 /* Frameworks */,
				B229831227DE03BF00A9C1B5 /* Resources */,
			);
			buildRules = (
			);
			dependencies = (
				B229831627DE03BF00A9C1B5 /* PBXTargetDependency */,
			);
			name = mirrorrim_rswift_demoTests;
			productName = mirrorrim_rswift_demoTests;
			productReference = B229831427DE03BF00A9C1B5 /* mirrorrim_rswift_demoTests.xctest */;
			productType = "com.apple.product-type.bundle.unit-test";
		};
		B229831D27DE03BF00A9C1B5 /* mirrorrim_rswift_demoUITests */ = {
			isa = PBXNativeTarget;
			buildConfigurationList = B229832E27DE03C000A9C1B5 /* Build configuration list for PBXNativeTarget "mirrorrim_rswift_demoUITests" */;
			buildPhases = (
				A61E0259FAFC6B8FA8E29B8D /* [CP] Check Pods Manifest.lock */,
				B229831A27DE03BF00A9C1B5 /* Sources */,
				B229831B27DE03BF00A9C1B5 /* Frameworks */,
				B229831C27DE03BF00A9C1B5 /* Resources */,
				EA12BF20855D503D739DFDC2 /* [CP] Embed Pods Frameworks */,
			);
			buildRules = (
			);
			dependencies = (
				B229832027DE03BF00A9C1B5 /* PBXTargetDependency */,
			);
			name = mirrorrim_rswift_demoUITests;
			productName = mirrorrim_rswift_demoUITests;
			productReference = B229831E27DE03BF00A9C1B5 /* mirrorrim_rswift_demoUITests.xctest */;
			productType = "com.apple.product-type.bundle.ui-testing";
		};
/* End PBXNativeTarget section */

/* Begin PBXProject section */
		B22982F627DE03BF00A9C1B5 /* Project object */ = {
			isa = PBXProject;
			attributes = {
				BuildIndependentTargetsInParallel = 1;
				LastSwiftUpdateCheck = 1320;
				LastUpgradeCheck = 1320;
				TargetAttributes = {
					B22982FD27DE03BF00A9C1B5 = {
						CreatedOnToolsVersion = 13.2;
					};
					B229831327DE03BF00A9C1B5 = {
						CreatedOnToolsVersion = 13.2;
						TestTargetID = B22982FD27DE03BF00A9C1B5;
					};
					B229831D27DE03BF00A9C1B5 = {
						CreatedOnToolsVersion = 13.2;
						TestTargetID = B22982FD27DE03BF00A9C1B5;
					};
				};
			};
			buildConfigurationList = B22982F927DE03BF00A9C1B5 /* Build configuration list for PBXProject "mirrorrim_rswift_demo" */;
			compatibilityVersion = "Xcode 13.0";
			developmentRegion = en;
			hasScannedForEncodings = 0;
			knownRegions = (
				en,
				Base,
				"zh-Hans",
			);
			mainGroup = B22982F527DE03BF00A9C1B5;
			productRefGroup = B22982FF27DE03BF00A9C1B5 /* Products */;
			projectDirPath = "";
			projectRoot = "";
			targets = (
				B22982FD27DE03BF00A9C1B5 /* mirrorrim_rswift_demo */,
				B229831327DE03BF00A9C1B5 /* mirrorrim_rswift_demoTests */,
				B229831D27DE03BF00A9C1B5 /* mirrorrim_rswift_demoUITests */,
			);
		};
/* End PBXProject section */

/* Begin PBXResourcesBuildPhase section */
		B22982FC27DE03BF00A9C1B5 /* Resources */ = {
			isa = PBXResourcesBuildPhase;
			buildActionMask = 2147483647;
			files = (
				B229830E27DE03BF00A9C1B5 /* LaunchScreen.storyboard in Resources */,
				B22FEE3927DE05BE00EB471E /* Localizable.strings in Resources */,
				B229830B27DE03BF00A9C1B5 /* Assets.xcassets in Resources */,
				B229830927DE03BF00A9C1B5 /* Main.storyboard in Resources */,
			);
			runOnlyForDeploymentPostprocessing = 0;
		};
		B229831227DE03BF00A9C1B5 /* Resources */ = {
			isa = PBXResourcesBuildPhase;
			buildActionMask = 2147483647;
			files = (
			);
			runOnlyForDeploymentPostprocessing = 0;
		};
		B229831C27DE03BF00A9C1B5 /* Resources */ = {
			isa = PBXResourcesBuildPhase;
			buildActionMask = 2147483647;
			files = (
			);
			runOnlyForDeploymentPostprocessing = 0;
		};
/* End PBXResourcesBuildPhase section */

/* Begin PBXShellScriptBuildPhase section */
		41A97890842041A23C39D419 /* [CP] Check Pods Manifest.lock */ = {
			isa = PBXShellScriptBuildPhase;
			buildActionMask = 2147483647;
			files = (
			);
			inputFileListPaths = (
			);
			inputPaths = (
				"${PODS_PODFILE_DIR_PATH}/Podfile.lock",
				"${PODS_ROOT}/Manifest.lock",
			);
			name = "[CP] Check Pods Manifest.lock";
			outputFileListPaths = (
			);
			outputPaths = (
				"$(DERIVED_FILE_DIR)/Pods-mirrorrim_rswift_demoTests-checkManifestLockResult.txt",
			);
			runOnlyForDeploymentPostprocessing = 0;
			shellPath = /bin/sh;
			shellScript = "diff \"${PODS_PODFILE_DIR_PATH}/Podfile.lock\" \"${PODS_ROOT}/Manifest.lock\" > /dev/null\nif [ $? != 0 ] ; then\n    # print error to STDERR\n    echo \"error: The sandbox is not in sync with the Podfile.lock. Run 'pod install' or update your CocoaPods installation.\" >&2\n    exit 1\nfi\n# This output is used by Xcode 'outputs' to avoid re-running this script phase.\necho \"SUCCESS\" > \"${SCRIPT_OUTPUT_FILE_0}\"\n";
			showEnvVarsInLog = 0;
		};
		4BDD5F3C0672B487133DC75F /* [CP] Check Pods Manifest.lock */ = {
			isa = PBXShellScriptBuildPhase;
			buildActionMask = 2147483647;
			files = (
			);
			inputFileListPaths = (
			);
			inputPaths = (
				"${PODS_PODFILE_DIR_PATH}/Podfile.lock",
				"${PODS_ROOT}/Manifest.lock",
			);
			name = "[CP] Check Pods Manifest.lock";
			outputFileListPaths = (
			);
			outputPaths = (
				"$(DERIVED_FILE_DIR)/Pods-mirrorrim_rswift_demo-checkManifestLockResult.txt",
			);
			runOnlyForDeploymentPostprocessing = 0;
			shellPath = /bin/sh;
			shellScript = "diff \"${PODS_PODFILE_DIR_PATH}/Podfile.lock\" \"${PODS_ROOT}/Manifest.lock\" > /dev/null\nif [ $? != 0 ] ; then\n    # print error to STDERR\n    echo \"error: The sandbox is not in sync with the Podfile.lock. Run 'pod install' or update your CocoaPods installation.\" >&2\n    exit 1\nfi\n# This output is used by Xcode 'outputs' to avoid re-running this script phase.\necho \"SUCCESS\" > \"${SCRIPT_OUTPUT_FILE_0}\"\n";
			showEnvVarsInLog = 0;
		};
		A61E0259FAFC6B8FA8E29B8D /* [CP] Check Pods Manifest.lock */ = {
			isa = PBXShellScriptBuildPhase;
			buildActionMask = 2147483647;
			files = (
			);
			inputFileListPaths = (
			);
			inputPaths = (
				"${PODS_PODFILE_DIR_PATH}/Podfile.lock",
				"${PODS_ROOT}/Manifest.lock",
			);
			name = "[CP] Check Pods Manifest.lock";
			outputFileListPaths = (
			);
			outputPaths = (
				"$(DERIVED_FILE_DIR)/Pods-mirrorrim_rswift_demo-mirrorrim_rswift_demoUITests-checkManifestLockResult.txt",
			);
			runOnlyForDeploymentPostprocessing = 0;
			shellPath = /bin/sh;
			shellScript = "diff \"${PODS_PODFILE_DIR_PATH}/Podfile.lock\" \"${PODS_ROOT}/Manifest.lock\" > /dev/null\nif [ $? != 0 ] ; then\n    # print error to STDERR\n    echo \"error: The sandbox is not in sync with the Podfile.lock. Run 'pod install' or update your CocoaPods installation.\" >&2\n    exit 1\nfi\n# This output is used by Xcode 'outputs' to avoid re-running this script phase.\necho \"SUCCESS\" > \"${SCRIPT_OUTPUT_FILE_0}\"\n";
			showEnvVarsInLog = 0;
		};
		B22FEE3D27DE05E700EB471E /* R.swift */ = {
			isa = PBXShellScriptBuildPhase;
			buildActionMask = 2147483647;
			files = (
			);
			inputFileListPaths = (
			);
			inputPaths = (
			);
			name = R.swift;
			outputFileListPaths = (
			);
			outputPaths = (
			);
			runOnlyForDeploymentPostprocessing = 0;
			shellPath = /bin/sh;
			shellScript = "# Type a script or drag a script file from your workspace to insert its path.\n\"$PODS_ROOT/R.swift/rswift\" generate \"$SRCROOT/R.generated.swift\"\n";
		};
		EA12BF20855D503D739DFDC2 /* [CP] Embed Pods Frameworks */ = {
			isa = PBXShellScriptBuildPhase;
			buildActionMask = 2147483647;
			files = (
			);
			inputFileListPaths = (
				"${PODS_ROOT}/Target Support Files/Pods-mirrorrim_rswift_demo-mirrorrim_rswift_demoUITests/Pods-mirrorrim_rswift_demo-mirrorrim_rswift_demoUITests-frameworks-${CONFIGURATION}-input-files.xcfilelist",
			);
			name = "[CP] Embed Pods Frameworks";
			outputFileListPaths = (
				"${PODS_ROOT}/Target Support Files/Pods-mirrorrim_rswift_demo-mirrorrim_rswift_demoUITests/Pods-mirrorrim_rswift_demo-mirrorrim_rswift_demoUITests-frameworks-${CONFIGURATION}-output-files.xcfilelist",
			);
			runOnlyForDeploymentPostprocessing = 0;
			shellPath = /bin/sh;
			shellScript = "\"${PODS_ROOT}/Target Support Files/Pods-mirrorrim_rswift_demo-mirrorrim_rswift_demoUITests/Pods-mirrorrim_rswift_demo-mirrorrim_rswift_demoUITests-frameworks.sh\"\n";
			showEnvVarsInLog = 0;
		};
		FA6412285455C446E097670D /* [CP] Embed Pods Frameworks */ = {
			isa = PBXShellScriptBuildPhase;
			buildActionMask = 2147483647;
			files = (
			);
			inputFileListPaths = (
				"${PODS_ROOT}/Target Support Files/Pods-mirrorrim_rswift_demo/Pods-mirrorrim_rswift_demo-frameworks-${CONFIGURATION}-input-files.xcfilelist",
			);
			name = "[CP] Embed Pods Frameworks";
			outputFileListPaths = (
				"${PODS_ROOT}/Target Support Files/Pods-mirrorrim_rswift_demo/Pods-mirrorrim_rswift_demo-frameworks-${CONFIGURATION}-output-files.xcfilelist",
			);
			runOnlyForDeploymentPostprocessing = 0;
			shellPath = /bin/sh;
			shellScript = "\"${PODS_ROOT}/Target Support Files/Pods-mirrorrim_rswift_demo/Pods-mirrorrim_rswift_demo-frameworks.sh\"\n";
			showEnvVarsInLog = 0;
		};
/* End PBXShellScriptBuildPhase section */

/* Begin PBXSourcesBuildPhase section */
		B22982FA27DE03BF00A9C1B5 /* Sources */ = {
			isa = PBXSourcesBuildPhase;
			buildActionMask = 2147483647;
			files = (
				B229830627DE03BF00A9C1B5 /* ViewController.swift in Sources */,
				B229830227DE03BF00A9C1B5 /* AppDelegate.swift in Sources */,
				B229830427DE03BF00A9C1B5 /* SceneDelegate.swift in Sources */,
				B22FEE3F27DE071D00EB471E /* R.generated.swift in Sources */,
			);
			runOnlyForDeploymentPostprocessing = 0;
		};
		B229831027DE03BF00A9C1B5 /* Sources */ = {
			isa = PBXSourcesBuildPhase;
			buildActionMask = 2147483647;
			files = (
				B229831927DE03BF00A9C1B5 /* mirrorrim_rswift_demoTests.swift in Sources */,
			);
			runOnlyForDeploymentPostprocessing = 0;
		};
		B229831A27DE03BF00A9C1B5 /* Sources */ = {
			isa = PBXSourcesBuildPhase;
			buildActionMask = 2147483647;
			files = (
				B229832527DE03C000A9C1B5 /* mirrorrim_rswift_demoUITestsLaunchTests.swift in Sources */,
				B229832327DE03C000A9C1B5 /* mirrorrim_rswift_demoUITests.swift in Sources */,
			);
			runOnlyForDeploymentPostprocessing = 0;
		};
/* End PBXSourcesBuildPhase section */

/* Begin PBXTargetDependency section */
		B229831627DE03BF00A9C1B5 /* PBXTargetDependency */ = {
			isa = PBXTargetDependency;
			target = B22982FD27DE03BF00A9C1B5 /* mirrorrim_rswift_demo */;
			targetProxy = B229831527DE03BF00A9C1B5 /* PBXContainerItemProxy */;
		};
		B229832027DE03BF00A9C1B5 /* PBXTargetDependency */ = {
			isa = PBXTargetDependency;
			target = B22982FD27DE03BF00A9C1B5 /* mirrorrim_rswift_demo */;
			targetProxy = B229831F27DE03BF00A9C1B5 /* PBXContainerItemProxy */;
		};
/* End PBXTargetDependency section */

/* Begin PBXVariantGroup section */
		B229830727DE03BF00A9C1B5 /* Main.storyboard */ = {
			isa = PBXVariantGroup;
			children = (
				B229830827DE03BF00A9C1B5 /* Base */,
			);
			name = Main.storyboard;
			sourceTree = "<group>";
		};
		B229830C27DE03BF00A9C1B5 /* LaunchScreen.storyboard */ = {
			isa = PBXVariantGroup;
			children = (
				B229830D27DE03BF00A9C1B5 /* Base */,
			);
			name = LaunchScreen.storyboard;
			sourceTree = "<group>";
		};
		B22FEE3B27DE05BE00EB471E /* Localizable.strings */ = {
			isa = PBXVariantGroup;
			children = (
				B22FEE3A27DE05BE00EB471E /* en */,
				B22FEE3C27DE05CE00EB471E /* zh-Hans */,
			);
			name = Localizable.strings;
			sourceTree = "<group>";
		};
/* End PBXVariantGroup section */

/* Begin XCBuildConfiguration section */
		B229832627DE03C000A9C1B5 /* Debug */ = {
			isa = XCBuildConfiguration;
			buildSettings = {
				ALWAYS_SEARCH_USER_PATHS = NO;
				CLANG_ANALYZER_LOCALIZABILITY_NONLOCALIZED = YES;
				CLANG_ANALYZER_NONNULL = YES;
				CLANG_ANALYZER_NUMBER_OBJECT_CONVERSION = YES_AGGRESSIVE;
				CLANG_CXX_LANGUAGE_STANDARD = "gnu++17";
				CLANG_CXX_LIBRARY = "libc++";
				CLANG_ENABLE_MODULES = YES;
				CLANG_ENABLE_OBJC_ARC = YES;
				CLANG_ENABLE_OBJC_WEAK = YES;
				CLANG_WARN_BLOCK_CAPTURE_AUTORELEASING = YES;
				CLANG_WARN_BOOL_CONVERSION = YES;
				CLANG_WARN_COMMA = YES;
				CLANG_WARN_CONSTANT_CONVERSION = YES;
				CLANG_WARN_DEPRECATED_OBJC_IMPLEMENTATIONS = YES;
				CLANG_WARN_DIRECT_OBJC_ISA_USAGE = YES_ERROR;
				CLANG_WARN_DOCUMENTATION_COMMENTS = YES;
				CLANG_WARN_EMPTY_BODY = YES;
				CLANG_WARN_ENUM_CONVERSION = YES;
				CLANG_WARN_INFINITE_RECURSION = YES;
				CLANG_WARN_INT_CONVERSION = YES;
				CLANG_WARN_NON_LITERAL_NULL_CONVERSION = YES;
				CLANG_WARN_OBJC_IMPLICIT_RETAIN_SELF = YES;
				CLANG_WARN_OBJC_LITERAL_CONVERSION = YES;
				CLANG_WARN_OBJC_ROOT_CLASS = YES_ERROR;
				CLANG_WARN_QUOTED_INCLUDE_IN_FRAMEWORK_HEADER = YES;
				CLANG_WARN_RANGE_LOOP_ANALYSIS = YES;
				CLANG_WARN_STRICT_PROTOTYPES = YES;
				CLANG_WARN_SUSPICIOUS_MOVE = YES;
				CLANG_WARN_UNGUARDED_AVAILABILITY = YES_AGGRESSIVE;
				CLANG_WARN_UNREACHABLE_CODE = YES;
				CLANG_WARN__DUPLICATE_METHOD_MATCH = YES;
				COPY_PHASE_STRIP = NO;
				DEBUG_INFORMATION_FORMAT = dwarf;
				ENABLE_STRICT_OBJC_MSGSEND = YES;
				ENABLE_TESTABILITY = YES;
				GCC_C_LANGUAGE_STANDARD = gnu11;
				GCC_DYNAMIC_NO_PIC = NO;
				GCC_NO_COMMON_BLOCKS = YES;
				GCC_OPTIMIZATION_LEVEL = 0;
				GCC_PREPROCESSOR_DEFINITIONS = (
					"DEBUG=1",
					"$(inherited)",
				);
				GCC_WARN_64_TO_32_BIT_CONVERSION = YES;
				GCC_WARN_ABOUT_RETURN_TYPE = YES_ERROR;
				GCC_WARN_UNDECLARED_SELECTOR = YES;
				GCC_WARN_UNINITIALIZED_AUTOS = YES_AGGRESSIVE;
				GCC_WARN_UNUSED_FUNCTION = YES;
				GCC_WARN_UNUSED_VARIABLE = YES;
				IPHONEOS_DEPLOYMENT_TARGET = 15.2;
				MTL_ENABLE_DEBUG_INFO = INCLUDE_SOURCE;
				MTL_FAST_MATH = YES;
				ONLY_ACTIVE_ARCH = YES;
				SDKROOT = iphoneos;
				SWIFT_ACTIVE_COMPILATION_CONDITIONS = DEBUG;
				SWIFT_OPTIMIZATION_LEVEL = "-Onone";
			};
			name = Debug;
		};
		B229832727DE03C000A9C1B5 /* Release */ = {
			isa = XCBuildConfiguration;
			buildSettings = {
				ALWAYS_SEARCH_USER_PATHS = NO;
				CLANG_ANALYZER_LOCALIZABILITY_NONLOCALIZED = YES;
				CLANG_ANALYZER_NONNULL = YES;
				CLANG_ANALYZER_NUMBER_OBJECT_CONVERSION = YES_AGGRESSIVE;
				CLANG_CXX_LANGUAGE_STANDARD = "gnu++17";
				CLANG_CXX_LIBRARY = "libc++";
				CLANG_ENABLE_MODULES = YES;
				CLANG_ENABLE_OBJC_ARC = YES;
				CLANG_ENABLE_OBJC_WEAK = YES;
				CLANG_WARN_BLOCK_CAPTURE_AUTORELEASING = YES;
				CLANG_WARN_BOOL_CONVERSION = YES;
				CLANG_WARN_COMMA = YES;
				CLANG_WARN_CONSTANT_CONVERSION = YES;
				CLANG_WARN_DEPRECATED_OBJC_IMPLEMENTATIONS = YES;
				CLANG_WARN_DIRECT_OBJC_ISA_USAGE = YES_ERROR;
				CLANG_WARN_DOCUMENTATION_COMMENTS = YES;
				CLANG_WARN_EMPTY_BODY = YES;
				CLANG_WARN_ENUM_CONVERSION = YES;
				CLANG_WARN_INFINITE_RECURSION = YES;
				CLANG_WARN_INT_CONVERSION = YES;
				CLANG_WARN_NON_LITERAL_NULL_CONVERSION = YES;
				CLANG_WARN_OBJC_IMPLICIT_RETAIN_SELF = YES;
				CLANG_WARN_OBJC_LITERAL_CONVERSION = YES;
				CLANG_WARN_OBJC_ROOT_CLASS = YES_ERROR;
				CLANG_WARN_QUOTED_INCLUDE_IN_FRAMEWORK_HEADER = YES;
				CLANG_WARN_RANGE_LOOP_ANALYSIS = YES;
				CLANG_WARN_STRICT_PROTOTYPES = YES;
				CLANG_WARN_SUSPICIOUS_MOVE = YES;
				CLANG_WARN_UNGUARDED_AVAILABILITY = YES_AGGRESSIVE;
				CLANG_WARN_UNREACHABLE_CODE = YES;
				CLANG_WARN__DUPLICATE_METHOD_MATCH = YES;
				COPY_PHASE_STRIP = NO;
				DEBUG_INFORMATION_FORMAT = "dwarf-with-dsym";
				ENABLE_NS_ASSERTIONS = NO;
				ENABLE_STRICT_OBJC_MSGSEND = YES;
				GCC_C_LANGUAGE_STANDARD = gnu11;
				GCC_NO_COMMON_BLOCKS = YES;
				GCC_WARN_64_TO_32_BIT_CONVERSION = YES;
				GCC_WARN_ABOUT_RETURN_TYPE = YES_ERROR;
				GCC_WARN_UNDECLARED_SELECTOR = YES;
				GCC_WARN_UNINITIALIZED_AUTOS = YES_AGGRESSIVE;
				GCC_WARN_UNUSED_FUNCTION = YES;
				GCC_WARN_UNUSED_VARIABLE = YES;
				IPHONEOS_DEPLOYMENT_TARGET = 15.2;
				MTL_ENABLE_DEBUG_INFO = NO;
				MTL_FAST_MATH = YES;
				SDKROOT = iphoneos;
				SWIFT_COMPILATION_MODE = wholemodule;
				SWIFT_OPTIMIZATION_LEVEL = "-O";
				VALIDATE_PRODUCT = YES;
			};
			name = Release;
		};
		B229832927DE03C000A9C1B5 /* Debug */ = {
			isa = XCBuildConfiguration;
			baseConfigurationReference = E756E076CFAB20A02B2D5011 /* Pods-mirrorrim_rswift_demo.debug.xcconfig */;
			buildSettings = {
				ASSETCATALOG_COMPILER_APPICON_NAME = AppIcon;
				ASSETCATALOG_COMPILER_GLOBAL_ACCENT_COLOR_NAME = AccentColor;
				CODE_SIGN_STYLE = Automatic;
				CURRENT_PROJECT_VERSION = 1;
				GENERATE_INFOPLIST_FILE = YES;
				INFOPLIST_FILE = mirrorrim_rswift_demo/Info.plist;
				INFOPLIST_KEY_UIApplicationSupportsIndirectInputEvents = YES;
				INFOPLIST_KEY_UILaunchStoryboardName = LaunchScreen;
				INFOPLIST_KEY_UIMainStoryboardFile = Main;
				INFOPLIST_KEY_UISupportedInterfaceOrientations_iPad = "UIInterfaceOrientationPortrait UIInterfaceOrientationPortraitUpsideDown UIInterfaceOrientationLandscapeLeft UIInterfaceOrientationLandscapeRight";
				INFOPLIST_KEY_UISupportedInterfaceOrientations_iPhone = "UIInterfaceOrientationPortrait UIInterfaceOrientationLandscapeLeft UIInterfaceOrientationLandscapeRight";
				LD_RUNPATH_SEARCH_PATHS = (
					"$(inherited)",
					"@executable_path/Frameworks",
				);
				MARKETING_VERSION = 1.0;
				PRODUCT_BUNDLE_IDENTIFIER = "johnny.mirrorrim-rswift-demo";
				PRODUCT_NAME = "$(TARGET_NAME)";
				SWIFT_EMIT_LOC_STRINGS = YES;
				SWIFT_VERSION = 5.0;
				TARGETED_DEVICE_FAMILY = "1,2";
			};
			name = Debug;
		};
		B229832A27DE03C000A9C1B5 /* Release */ = {
			isa = XCBuildConfiguration;
			baseConfigurationReference = 74C85857F1EA20AD7C3F49F1 /* Pods-mirrorrim_rswift_demo.release.xcconfig */;
			buildSettings = {
				ASSETCATALOG_COMPILER_APPICON_NAME = AppIcon;
				ASSETCATALOG_COMPILER_GLOBAL_ACCENT_COLOR_NAME = AccentColor;
				CODE_SIGN_STYLE = Automatic;
				CURRENT_PROJECT_VERSION = 1;
				GENERATE_INFOPLIST_FILE = YES;
				INFOPLIST_FILE = mirrorrim_rswift_demo/Info.plist;
				INFOPLIST_KEY_UIApplicationSupportsIndirectInputEvents = YES;
				INFOPLIST_KEY_UILaunchStoryboardName = LaunchScreen;
				INFOPLIST_KEY_UIMainStoryboardFile = Main;
				INFOPLIST_KEY_UISupportedInterfaceOrientations_iPad = "UIInterfaceOrientationPortrait UIInterfaceOrientationPortraitUpsideDown UIInterfaceOrientationLandscapeLeft UIInterfaceOrientationLandscapeRight";
				INFOPLIST_KEY_UISupportedInterfaceOrientations_iPhone = "UIInterfaceOrientationPortrait UIInterfaceOrientationLandscapeLeft UIInterfaceOrientationLandscapeRight";
				LD_RUNPATH_SEARCH_PATHS = (
					"$(inherited)",
					"@executable_path/Frameworks",
				);
				MARKETING_VERSION = 1.0;
				PRODUCT_BUNDLE_IDENTIFIER = "johnny.mirrorrim-rswift-demo";
				PRODUCT_NAME = "$(TARGET_NAME)";
				SWIFT_EMIT_LOC_STRINGS = YES;
				SWIFT_VERSION = 5.0;
				TARGETED_DEVICE_FAMILY = "1,2";
			};
			name = Release;
		};
		B229832C27DE03C000A9C1B5 /* Debug */ = {
			isa = XCBuildConfiguration;
			baseConfigurationReference = 638182730CF2E733BF48BEF4 /* Pods-mirrorrim_rswift_demoTests.debug.xcconfig */;
			buildSettings = {
				ALWAYS_EMBED_SWIFT_STANDARD_LIBRARIES = YES;
				BUNDLE_LOADER = "$(TEST_HOST)";
				CODE_SIGN_STYLE = Automatic;
				CURRENT_PROJECT_VERSION = 1;
				GENERATE_INFOPLIST_FILE = YES;
				IPHONEOS_DEPLOYMENT_TARGET = 15.2;
				MARKETING_VERSION = 1.0;
				PRODUCT_BUNDLE_IDENTIFIER = "johnny.mirrorrim-rswift-demoTests";
				PRODUCT_NAME = "$(TARGET_NAME)";
				SWIFT_EMIT_LOC_STRINGS = NO;
				SWIFT_VERSION = 5.0;
				TARGETED_DEVICE_FAMILY = "1,2";
				TEST_HOST = "$(BUILT_PRODUCTS_DIR)/mirrorrim_rswift_demo.app/mirrorrim_rswift_demo";
			};
			name = Debug;
		};
		B229832D27DE03C000A9C1B5 /* Release */ = {
			isa = XCBuildConfiguration;
			baseConfigurationReference = 182776652F8307F0D30B5AE1 /* Pods-mirrorrim_rswift_demoTests.release.xcconfig */;
			buildSettings = {
				ALWAYS_EMBED_SWIFT_STANDARD_LIBRARIES = YES;
				BUNDLE_LOADER = "$(TEST_HOST)";
				CODE_SIGN_STYLE = Automatic;
				CURRENT_PROJECT_VERSION = 1;
				GENERATE_INFOPLIST_FILE = YES;
				IPHONEOS_DEPLOYMENT_TARGET = 15.2;
				MARKETING_VERSION = 1.0;
				PRODUCT_BUNDLE_IDENTIFIER = "johnny.mirrorrim-rswift-demoTests";
				PRODUCT_NAME = "$(TARGET_NAME)";
				SWIFT_EMIT_LOC_STRINGS = NO;
				SWIFT_VERSION = 5.0;
				TARGETED_DEVICE_FAMILY = "1,2";
				TEST_HOST = "$(BUILT_PRODUCTS_DIR)/mirrorrim_rswift_demo.app/mirrorrim_rswift_demo";
			};
			name = Release;
		};
		B229832F27DE03C000A9C1B5 /* Debug */ = {
			isa = XCBuildConfiguration;
			baseConfigurationReference = 99DC78EE194BD5EBE70837D8 /* Pods-mirrorrim_rswift_demo-mirrorrim_rswift_demoUITests.debug.xcconfig */;
			buildSettings = {
				ALWAYS_EMBED_SWIFT_STANDARD_LIBRARIES = YES;
				CODE_SIGN_STYLE = Automatic;
				CURRENT_PROJECT_VERSION = 1;
				GENERATE_INFOPLIST_FILE = YES;
				MARKETING_VERSION = 1.0;
				PRODUCT_BUNDLE_IDENTIFIER = "johnny.mirrorrim-rswift-demoUITests";
				PRODUCT_NAME = "$(TARGET_NAME)";
				SWIFT_EMIT_LOC_STRINGS = NO;
				SWIFT_VERSION = 5.0;
				TARGETED_DEVICE_FAMILY = "1,2";
				TEST_TARGET_NAME = mirrorrim_rswift_demo;
			};
			name = Debug;
		};
		B229833027DE03C000A9C1B5 /* Release */ = {
			isa = XCBuildConfiguration;
			baseConfigurationReference = 18BB962A2DF724E7CA850B9A /* Pods-mirrorrim_rswift_demo-mirrorrim_rswift_demoUITests.release.xcconfig */;
			buildSettings = {
				ALWAYS_EMBED_SWIFT_STANDARD_LIBRARIES = YES;
				CODE_SIGN_STYLE = Automatic;
				CURRENT_PROJECT_VERSION = 1;
				GENERATE_INFOPLIST_FILE = YES;
				MARKETING_VERSION = 1.0;
				PRODUCT_BUNDLE_IDENTIFIER = "johnny.mirrorrim-rswift-demoUITests";
				PRODUCT_NAME = "$(TARGET_NAME)";
				SWIFT_EMIT_LOC_STRINGS = NO;
				SWIFT_VERSION = 5.0;
				TARGETED_DEVICE_FAMILY = "1,2";
				TEST_TARGET_NAME = mirrorrim_rswift_demo;
			};
			name = Release;
		};
/* End XCBuildConfiguration section */

/* Begin XCConfigurationList section */
		B22982F927DE03BF00A9C1B5 /* Build configuration list for PBXProject "mirrorrim_rswift_demo" */ = {
			isa = XCConfigurationList;
			buildConfigurations = (
				B229832627DE03C000A9C1B5 /* Debug */,
				B229832727DE03C000A9C1B5 /* Release */,
			);
			defaultConfigurationIsVisible = 0;
			defaultConfigurationName = Release;
		};
		B229832827DE03C000A9C1B5 /* Build configuration list for PBXNativeTarget "mirrorrim_rswift_demo" */ = {
			isa = XCConfigurationList;
			buildConfigurations = (
				B229832927DE03C000A9C1B5 /* Debug */,
				B229832A27DE03C000A9C1B5 /* Release */,
			);
			defaultConfigurationIsVisible = 0;
			defaultConfigurationName = Release;
		};
		B229832B27DE03C000A9C1B5 /* Build configuration list for PBXNativeTarget "mirrorrim_rswift_demoTests" */ = {
			isa = XCConfigurationList;
			buildConfigurations = (
				B229832C27DE03C000A9C1B5 /* Debug */,
				B229832D27DE03C000A9C1B5 /* Release */,
			);
			defaultConfigurationIsVisible = 0;
			defaultConfigurationName = Release;
		};
		B229832E27DE03C000A9C1B5 /* Build configuration list for PBXNativeTarget "mirrorrim_rswift_demoUITests" */ = {
			isa = XCConfigurationList;
			buildConfigurations = (
				B229832F27DE03C000A9C1B5 /* Debug */,
				B229833027DE03C000A9C1B5 /* Release */,
			);
			defaultConfigurationIsVisible = 0;
			defaultConfigurationName = Release;
		};
/* End XCConfigurationList section */
	};
	rootObject = B22982F627DE03BF00A9C1B5 /* Project object */;
}
